
Microsoft Visual Studio Solution File, Format Version 12.00
# Visual Studio Version 17
VisualStudioVersion = 17.13.35828.75 d17.13
MinimumVisualStudioVersion = 10.0.40219.1
Project("{FAE04EC0-301F-11D3-BF4B-00C04F79EFBC}") = "EX", "EX\EX.csproj", "{2BF72EEA-9065-4F0C-B7A2-097AA42C28ED}"
EndProject
Global
	GlobalSection(SolutionConfigurationPlatforms) = preSolution
		Debug|Any CPU = Debug|Any CPU
		Release|Any CPU = Release|Any CPU
	EndGlobalSection
	GlobalSection(ProjectConfigurationPlatforms) = postSolution
		{2BF72EEA-9065-4F0C-B7A2-097AA42C28ED}.Debug|Any CPU.ActiveCfg = Debug|Any CPU
		{2BF72EEA-9065-4F0C-B7A2-097AA42C28ED}.Debug|Any CPU.Build.0 = Debug|Any CPU
		{2BF72EEA-9065-4F0C-B7A2-097AA42C28ED}.Release|Any CPU.ActiveCfg = Release|Any CPU
		{2BF72EEA-9065-4F0C-B7A2-097AA42C28ED}.Release|Any CPU.Build.0 = Release|Any CPU
	EndGlobalSection
	GlobalSection(SolutionProperties) = preSolution
		HideSolutionNode = FALSE
	EndGlobalSection
	GlobalSection(ExtensibilityGlobals) = postSolution
		SolutionGuid = {DC41226E-B338-4902-A605-E531F39C2EFB}
	EndGlobalSection
EndGlobal
